
Microsoft Visual Studio Solution File, Format Version 12.00
# Visual Studio Version 17
VisualStudioVersion = 17.11.35303.130
MinimumVisualStudioVersion = 10.0.40219.1
Project("{FAE04EC0-301F-11D3-BF4B-00C04F79EFBC}") = "GameTheory", "GameTheory.csproj", "{34A97024-A9C3-435E-B0F0-FF46D12BB479}"
EndProject
Global
	GlobalSection(SolutionConfigurationPlatforms) = preSolution
		Debug|Any CPU = Debug|Any CPU
		Release|Any CPU = Release|Any CPU
	EndGlobalSection
	GlobalSection(ProjectConfigurationPlatforms) = postSolution
		{34A97024-A9C3-435E-B0F0-FF46D12BB479}.Debug|Any CPU.ActiveCfg = Debug|Any CPU
		{34A97024-A9C3-435E-B0F0-FF46D12BB479}.Debug|Any CPU.Build.0 = Debug|Any CPU
		{34A97024-A9C3-435E-B0F0-FF46D12BB479}.Release|Any CPU.ActiveCfg = Release|Any CPU
		{34A97024-A9C3-435E-B0F0-FF46D12BB479}.Release|Any CPU.Build.0 = Release|Any CPU
	EndGlobalSection
	GlobalSection(SolutionProperties) = preSolution
		HideSolutionNode = FALSE
	EndGlobalSection
	GlobalSection(ExtensibilityGlobals) = postSolution
		SolutionGuid = {B57728A6-8ED8-4B6B-B59D-61ADFD013B7F}
	EndGlobalSection
EndGlobal
