
Microsoft Visual Studio Solution File, Format Version 12.00
# Visual Studio Version 17
VisualStudioVersion = 17.11.35303.130
MinimumVisualStudioVersion = 10.0.40219.1
Project("{FAE04EC0-301F-11D3-BF4B-00C04F79EFBC}") = "Subsets", "Subsets.csproj", "{84783341-F43E-4F06-BCF2-290080EC1E7D}"
EndProject
Global
	GlobalSection(SolutionConfigurationPlatforms) = preSolution
		Debug|Any CPU = Debug|Any CPU
		Release|Any CPU = Release|Any CPU
	EndGlobalSection
	GlobalSection(ProjectConfigurationPlatforms) = postSolution
		{84783341-F43E-4F06-BCF2-290080EC1E7D}.Debug|Any CPU.ActiveCfg = Debug|Any CPU
		{84783341-F43E-4F06-BCF2-290080EC1E7D}.Debug|Any CPU.Build.0 = Debug|Any CPU
		{84783341-F43E-4F06-BCF2-290080EC1E7D}.Release|Any CPU.ActiveCfg = Release|Any CPU
		{84783341-F43E-4F06-BCF2-290080EC1E7D}.Release|Any CPU.Build.0 = Release|Any CPU
	EndGlobalSection
	GlobalSection(SolutionProperties) = preSolution
		HideSolutionNode = FALSE
	EndGlobalSection
	GlobalSection(ExtensibilityGlobals) = postSolution
		SolutionGuid = {A7ABDC39-E29A-446E-A3BF-2E0D482B1F3F}
	EndGlobalSection
EndGlobal
