
Microsoft Visual Studio Solution File, Format Version 12.00
# Visual Studio Version 17
VisualStudioVersion = 17.11.35303.130
MinimumVisualStudioVersion = 10.0.40219.1
Project("{FAE04EC0-301F-11D3-BF4B-00C04F79EFBC}") = "Pattern", "Pattern.csproj", "{B15CF189-CDB8-4C80-82C3-E9EF1EADAF89}"
EndProject
Global
	GlobalSection(SolutionConfigurationPlatforms) = preSolution
		Debug|Any CPU = Debug|Any CPU
		Release|Any CPU = Release|Any CPU
	EndGlobalSection
	GlobalSection(ProjectConfigurationPlatforms) = postSolution
		{B15CF189-CDB8-4C80-82C3-E9EF1EADAF89}.Debug|Any CPU.ActiveCfg = Debug|Any CPU
		{B15CF189-CDB8-4C80-82C3-E9EF1EADAF89}.Debug|Any CPU.Build.0 = Debug|Any CPU
		{B15CF189-CDB8-4C80-82C3-E9EF1EADAF89}.Release|Any CPU.ActiveCfg = Release|Any CPU
		{B15CF189-CDB8-4C80-82C3-E9EF1EADAF89}.Release|Any CPU.Build.0 = Release|Any CPU
	EndGlobalSection
	GlobalSection(SolutionProperties) = preSolution
		HideSolutionNode = FALSE
	EndGlobalSection
	GlobalSection(ExtensibilityGlobals) = postSolution
		SolutionGuid = {340005F7-CE08-46B6-9742-65EF3C347B96}
	EndGlobalSection
EndGlobal
